
Microsoft Visual Studio Solution File, Format Version 12.00
# Visual Studio 15
Project("{FAE04EC0-301F-11D3-BF4B-00C04F79EFBC}") = "UnityEngine.TestRunner", "UnityEngine.TestRunner.csproj", "{150186F9-ED5B-E6B5-6B04-B58A30C19F92}"
EndProject
Project("{FAE04EC0-301F-11D3-BF4B-00C04F79EFBC}") = "UnityEngine.UI", "UnityEngine.UI.csproj", "{2CC804F8-35AD-BCF6-479F-893545E1F55E}"
EndProject
Project("{FAE04EC0-301F-11D3-BF4B-00C04F79EFBC}") = "Unity.TextMeshPro", "Unity.TextMeshPro.csproj", "{A9AE6354-E1B3-8CDC-7200-F2F9D0668C27}"
EndProject
Project("{FAE04EC0-301F-11D3-BF4B-00C04F79EFBC}") = "Unity.Timeline", "Unity.Timeline.csproj", "{BC15D859-16A3-595B-15FD-1DD8802AC447}"
EndProject
Project("{FAE04EC0-301F-11D3-BF4B-00C04F79EFBC}") = "Assembly-CSharp", "Assembly-CSharp.csproj", "{5061E92C-5613-7AF1-77FC-10F336FC5ADD}"
EndProject
Project("{FAE04EC0-301F-11D3-BF4B-00C04F79EFBC}") = "UnityEditor.TestRunner", "UnityEditor.TestRunner.csproj", "{79A9C535-EFFA-9387-DD87-A797BD82B8BF}"
EndProject
Project("{FAE04EC0-301F-11D3-BF4B-00C04F79EFBC}") = "Unity.VisualStudio.Editor", "Unity.VisualStudio.Editor.csproj", "{C36F93F3-238C-7CC6-6924-2035F5CDCBD5}"
EndProject
Project("{FAE04EC0-301F-11D3-BF4B-00C04F79EFBC}") = "Unity.TextMeshPro.Editor", "Unity.TextMeshPro.Editor.csproj", "{7258C7EE-5F72-7179-957D-1243D1F06A16}"
EndProject
Project("{FAE04EC0-301F-11D3-BF4B-00C04F79EFBC}") = "Unity.Timeline.Editor", "Unity.Timeline.Editor.csproj", "{B5E4CF1E-77C3-BB5D-CCD8-BA54C0D26359}"
EndProject
Project("{FAE04EC0-301F-11D3-BF4B-00C04F79EFBC}") = "Unity.PlasticSCM.Editor", "Unity.PlasticSCM.Editor.csproj", "{A2948097-2E18-9D3E-0274-19585F7C8A6E}"
EndProject
Project("{FAE04EC0-301F-11D3-BF4B-00C04F79EFBC}") = "UnityEditor.UI", "UnityEditor.UI.csproj", "{4B4C975A-D62C-9DA4-5868-4A590DB3FA53}"
EndProject
Project("{FAE04EC0-301F-11D3-BF4B-00C04F79EFBC}") = "Unity.Rider.Editor", "Unity.Rider.Editor.csproj", "{DFA5AB25-6A76-CF65-3630-864031B400F8}"
EndProject
Project("{FAE04EC0-301F-11D3-BF4B-00C04F79EFBC}") = "Unity.CollabProxy.Editor", "Unity.CollabProxy.Editor.csproj", "{9788A018-3479-EE4B-A05B-51C8B823BF49}"
EndProject
Project("{FAE04EC0-301F-11D3-BF4B-00C04F79EFBC}") = "Unity.VSCode.Editor", "Unity.VSCode.Editor.csproj", "{C00D4857-3437-5DEC-C7DD-E09BB4D39209}"
EndProject
Project("{FAE04EC0-301F-11D3-BF4B-00C04F79EFBC}") = "UnityEngine.TestRunner", "UnityEngine.TestRunner.Player.csproj", "{508352BA-BA20-5DA9-CF5A-4888F6DD1BFA}"
EndProject
Project("{FAE04EC0-301F-11D3-BF4B-00C04F79EFBC}") = "UnityEngine.UI", "UnityEngine.UI.Player.csproj", "{8F621B88-2EB6-C5F9-D4C1-ACB22E1455F8}"
EndProject
Project("{FAE04EC0-301F-11D3-BF4B-00C04F79EFBC}") = "Unity.TextMeshPro", "Unity.TextMeshPro.Player.csproj", "{45C1E4D7-7EC5-8941-1426-655C6FC4D92E}"
EndProject
Project("{FAE04EC0-301F-11D3-BF4B-00C04F79EFBC}") = "Unity.Timeline", "Unity.Timeline.Player.csproj", "{7664DE83-C4DA-FFBE-C822-8FFFEB737327}"
EndProject
Project("{FAE04EC0-301F-11D3-BF4B-00C04F79EFBC}") = "Assembly-CSharp", "Assembly-CSharp.Player.csproj", "{18EABA1E-0961-20EE-65C5-7A21062C58D0}"
EndProject
Global
	GlobalSection(SolutionConfigurationPlatforms) = preSolution
		Debug|Any CPU = Debug|Any CPU
		Release|Any CPU = Release|Any CPU
	EndGlobalSection
	GlobalSection(ProjectConfigurationPlatforms) = postSolution
		{150186F9-ED5B-E6B5-6B04-B58A30C19F92}.Debug|Any CPU.ActiveCfg = Debug|Any CPU
		{150186F9-ED5B-E6B5-6B04-B58A30C19F92}.Debug|Any CPU.Build.0 = Debug|Any CPU
		{150186F9-ED5B-E6B5-6B04-B58A30C19F92}.Release|Any CPU.ActiveCfg = Release|Any CPU
		{150186F9-ED5B-E6B5-6B04-B58A30C19F92}.Release|Any CPU.Build.0 = Release|Any CPU
		{2CC804F8-35AD-BCF6-479F-893545E1F55E}.Debug|Any CPU.ActiveCfg = Debug|Any CPU
		{2CC804F8-35AD-BCF6-479F-893545E1F55E}.Debug|Any CPU.Build.0 = Debug|Any CPU
		{2CC804F8-35AD-BCF6-479F-893545E1F55E}.Release|Any CPU.ActiveCfg = Release|Any CPU
		{2CC804F8-35AD-BCF6-479F-893545E1F55E}.Release|Any CPU.Build.0 = Release|Any CPU
		{A9AE6354-E1B3-8CDC-7200-F2F9D0668C27}.Debug|Any CPU.ActiveCfg = Debug|Any CPU
		{A9AE6354-E1B3-8CDC-7200-F2F9D0668C27}.Debug|Any CPU.Build.0 = Debug|Any CPU
		{A9AE6354-E1B3-8CDC-7200-F2F9D0668C27}.Release|Any CPU.ActiveCfg = Release|Any CPU
		{A9AE6354-E1B3-8CDC-7200-F2F9D0668C27}.Release|Any CPU.Build.0 = Release|Any CPU
		{BC15D859-16A3-595B-15FD-1DD8802AC447}.Debug|Any CPU.ActiveCfg = Debug|Any CPU
		{BC15D859-16A3-595B-15FD-1DD8802AC447}.Debug|Any CPU.Build.0 = Debug|Any CPU
		{BC15D859-16A3-595B-15FD-1DD8802AC447}.Release|Any CPU.ActiveCfg = Release|Any CPU
		{BC15D859-16A3-595B-15FD-1DD8802AC447}.Release|Any CPU.Build.0 = Release|Any CPU
		{5061E92C-5613-7AF1-77FC-10F336FC5ADD}.Debug|Any CPU.ActiveCfg = Debug|Any CPU
		{5061E92C-5613-7AF1-77FC-10F336FC5ADD}.Debug|Any CPU.Build.0 = Debug|Any CPU
		{5061E92C-5613-7AF1-77FC-10F336FC5ADD}.Release|Any CPU.ActiveCfg = Release|Any CPU
		{5061E92C-5613-7AF1-77FC-10F336FC5ADD}.Release|Any CPU.Build.0 = Release|Any CPU
		{79A9C535-EFFA-9387-DD87-A797BD82B8BF}.Debug|Any CPU.ActiveCfg = Debug|Any CPU
		{79A9C535-EFFA-9387-DD87-A797BD82B8BF}.Debug|Any CPU.Build.0 = Debug|Any CPU
		{79A9C535-EFFA-9387-DD87-A797BD82B8BF}.Release|Any CPU.ActiveCfg = Release|Any CPU
		{79A9C535-EFFA-9387-DD87-A797BD82B8BF}.Release|Any CPU.Build.0 = Release|Any CPU
		{C36F93F3-238C-7CC6-6924-2035F5CDCBD5}.Debug|Any CPU.ActiveCfg = Debug|Any CPU
		{C36F93F3-238C-7CC6-6924-2035F5CDCBD5}.Debug|Any CPU.Build.0 = Debug|Any CPU
		{C36F93F3-238C-7CC6-6924-2035F5CDCBD5}.Release|Any CPU.ActiveCfg = Release|Any CPU
		{C36F93F3-238C-7CC6-6924-2035F5CDCBD5}.Release|Any CPU.Build.0 = Release|Any CPU
		{7258C7EE-5F72-7179-957D-1243D1F06A16}.Debug|Any CPU.ActiveCfg = Debug|Any CPU
		{7258C7EE-5F72-7179-957D-1243D1F06A16}.Debug|Any CPU.Build.0 = Debug|Any CPU
		{7258C7EE-5F72-7179-957D-1243D1F06A16}.Release|Any CPU.ActiveCfg = Release|Any CPU
		{7258C7EE-5F72-7179-957D-1243D1F06A16}.Release|Any CPU.Build.0 = Release|Any CPU
		{B5E4CF1E-77C3-BB5D-CCD8-BA54C0D26359}.Debug|Any CPU.ActiveCfg = Debug|Any CPU
		{B5E4CF1E-77C3-BB5D-CCD8-BA54C0D26359}.Debug|Any CPU.Build.0 = Debug|Any CPU
		{B5E4CF1E-77C3-BB5D-CCD8-BA54C0D26359}.Release|Any CPU.ActiveCfg = Release|Any CPU
		{B5E4CF1E-77C3-BB5D-CCD8-BA54C0D26359}.Release|Any CPU.Build.0 = Release|Any CPU
		{A2948097-2E18-9D3E-0274-19585F7C8A6E}.Debug|Any CPU.ActiveCfg = Debug|Any CPU
		{A2948097-2E18-9D3E-0274-19585F7C8A6E}.Debug|Any CPU.Build.0 = Debug|Any CPU
		{A2948097-2E18-9D3E-0274-19585F7C8A6E}.Release|Any CPU.ActiveCfg = Release|Any CPU
		{A2948097-2E18-9D3E-0274-19585F7C8A6E}.Release|Any CPU.Build.0 = Release|Any CPU
		{4B4C975A-D62C-9DA4-5868-4A590DB3FA53}.Debug|Any CPU.ActiveCfg = Debug|Any CPU
		{4B4C975A-D62C-9DA4-5868-4A590DB3FA53}.Debug|Any CPU.Build.0 = Debug|Any CPU
		{4B4C975A-D62C-9DA4-5868-4A590DB3FA53}.Release|Any CPU.ActiveCfg = Release|Any CPU
		{4B4C975A-D62C-9DA4-5868-4A590DB3FA53}.Release|Any CPU.Build.0 = Release|Any CPU
		{DFA5AB25-6A76-CF65-3630-864031B400F8}.Debug|Any CPU.ActiveCfg = Debug|Any CPU
		{DFA5AB25-6A76-CF65-3630-864031B400F8}.Debug|Any CPU.Build.0 = Debug|Any CPU
		{DFA5AB25-6A76-CF65-3630-864031B400F8}.Release|Any CPU.ActiveCfg = Release|Any CPU
		{DFA5AB25-6A76-CF65-3630-864031B400F8}.Release|Any CPU.Build.0 = Release|Any CPU
		{9788A018-3479-EE4B-A05B-51C8B823BF49}.Debug|Any CPU.ActiveCfg = Debug|Any CPU
		{9788A018-3479-EE4B-A05B-51C8B823BF49}.Debug|Any CPU.Build.0 = Debug|Any CPU
		{9788A018-3479-EE4B-A05B-51C8B823BF49}.Release|Any CPU.ActiveCfg = Release|Any CPU
		{9788A018-3479-EE4B-A05B-51C8B823BF49}.Release|Any CPU.Build.0 = Release|Any CPU
		{C00D4857-3437-5DEC-C7DD-E09BB4D39209}.Debug|Any CPU.ActiveCfg = Debug|Any CPU
		{C00D4857-3437-5DEC-C7DD-E09BB4D39209}.Debug|Any CPU.Build.0 = Debug|Any CPU
		{C00D4857-3437-5DEC-C7DD-E09BB4D39209}.Release|Any CPU.ActiveCfg = Release|Any CPU
		{C00D4857-3437-5DEC-C7DD-E09BB4D39209}.Release|Any CPU.Build.0 = Release|Any CPU
		{508352BA-BA20-5DA9-CF5A-4888F6DD1BFA}.Debug|Any CPU.ActiveCfg = Debug|Any CPU
		{508352BA-BA20-5DA9-CF5A-4888F6DD1BFA}.Debug|Any CPU.Build.0 = Debug|Any CPU
		{508352BA-BA20-5DA9-CF5A-4888F6DD1BFA}.Release|Any CPU.ActiveCfg = Release|Any CPU
		{508352BA-BA20-5DA9-CF5A-4888F6DD1BFA}.Release|Any CPU.Build.0 = Release|Any CPU
		{8F621B88-2EB6-C5F9-D4C1-ACB22E1455F8}.Debug|Any CPU.ActiveCfg = Debug|Any CPU
		{8F621B88-2EB6-C5F9-D4C1-ACB22E1455F8}.Debug|Any CPU.Build.0 = Debug|Any CPU
		{8F621B88-2EB6-C5F9-D4C1-ACB22E1455F8}.Release|Any CPU.ActiveCfg = Release|Any CPU
		{8F621B88-2EB6-C5F9-D4C1-ACB22E1455F8}.Release|Any CPU.Build.0 = Release|Any CPU
		{45C1E4D7-7EC5-8941-1426-655C6FC4D92E}.Debug|Any CPU.ActiveCfg = Debug|Any CPU
		{45C1E4D7-7EC5-8941-1426-655C6FC4D92E}.Debug|Any CPU.Build.0 = Debug|Any CPU
		{45C1E4D7-7EC5-8941-1426-655C6FC4D92E}.Release|Any CPU.ActiveCfg = Release|Any CPU
		{45C1E4D7-7EC5-8941-1426-655C6FC4D92E}.Release|Any CPU.Build.0 = Release|Any CPU
		{7664DE83-C4DA-FFBE-C822-8FFFEB737327}.Debug|Any CPU.ActiveCfg = Debug|Any CPU
		{7664DE83-C4DA-FFBE-C822-8FFFEB737327}.Debug|Any CPU.Build.0 = Debug|Any CPU
		{7664DE83-C4DA-FFBE-C822-8FFFEB737327}.Release|Any CPU.ActiveCfg = Release|Any CPU
		{7664DE83-C4DA-FFBE-C822-8FFFEB737327}.Release|Any CPU.Build.0 = Release|Any CPU
		{18EABA1E-0961-20EE-65C5-7A21062C58D0}.Debug|Any CPU.ActiveCfg = Debug|Any CPU
		{18EABA1E-0961-20EE-65C5-7A21062C58D0}.Debug|Any CPU.Build.0 = Debug|Any CPU
		{18EABA1E-0961-20EE-65C5-7A21062C58D0}.Release|Any CPU.ActiveCfg = Release|Any CPU
		{18EABA1E-0961-20EE-65C5-7A21062C58D0}.Release|Any CPU.Build.0 = Release|Any CPU
	EndGlobalSection
	GlobalSection(SolutionProperties) = preSolution
		HideSolutionNode = FALSE
	EndGlobalSection
EndGlobal
